
Microsoft Visual Studio Solution File, Format Version 12.00
# Visual Studio Version 17
VisualStudioVersion = 17.14.36301.6 d17.14
MinimumVisualStudioVersion = 10.0.40219.1
Project("{FAE04EC0-301F-11D3-BF4B-00C04F79EFBC}") = "Part 6 - Loops", "Part 6 - Loops\Part 6 - Loops.csproj", "{C6B3E7C7-1D84-4ED5-A181-D3BDEB10F495}"
EndProject
Global
	GlobalSection(SolutionConfigurationPlatforms) = preSolution
		Debug|Any CPU = Debug|Any CPU
		Release|Any CPU = Release|Any CPU
	EndGlobalSection
	GlobalSection(ProjectConfigurationPlatforms) = postSolution
		{C6B3E7C7-1D84-4ED5-A181-D3BDEB10F495}.Debug|Any CPU.ActiveCfg = Debug|Any CPU
		{C6B3E7C7-1D84-4ED5-A181-D3BDEB10F495}.Debug|Any CPU.Build.0 = Debug|Any CPU
		{C6B3E7C7-1D84-4ED5-A181-D3BDEB10F495}.Release|Any CPU.ActiveCfg = Release|Any CPU
		{C6B3E7C7-1D84-4ED5-A181-D3BDEB10F495}.Release|Any CPU.Build.0 = Release|Any CPU
	EndGlobalSection
	GlobalSection(SolutionProperties) = preSolution
		HideSolutionNode = FALSE
	EndGlobalSection
	GlobalSection(ExtensibilityGlobals) = postSolution
		SolutionGuid = {8A38FC10-FDC4-463A-8100-2145CD9EFE3B}
	EndGlobalSection
EndGlobal
